
Microsoft Visual Studio Solution File, Format Version 12.00
# Visual Studio 14
VisualStudioVersion = 14.0.24720.0
MinimumVisualStudioVersion = 10.0.40219.1
Project("{FAE04EC0-301F-11D3-BF4B-00C04F79EFBC}") = "MusicSystem.Data", "MusicSystem.Data\MusicSystem.Data.csproj", "{B5F6A3CB-02AA-4AE3-89E4-B67D657EE445}"
EndProject
Project("{FAE04EC0-301F-11D3-BF4B-00C04F79EFBC}") = "MusicSystem.Models", "MusicSystem.Models\MusicSystem.Models.csproj", "{6FA9A44C-0D7C-43C5-AE2B-0F5915F0A087}"
EndProject
Project("{FAE04EC0-301F-11D3-BF4B-00C04F79EFBC}") = "MusicSystem.Services", "MusicSystem.Services\MusicSystem.Services.csproj", "{4EF95D0C-80D1-4F7C-AD0D-A29E8BEC158E}"
EndProject
Global
	GlobalSection(SolutionConfigurationPlatforms) = preSolution
		Debug|Any CPU = Debug|Any CPU
		Release|Any CPU = Release|Any CPU
	EndGlobalSection
	GlobalSection(ProjectConfigurationPlatforms) = postSolution
		{B5F6A3CB-02AA-4AE3-89E4-B67D657EE445}.Debug|Any CPU.ActiveCfg = Debug|Any CPU
		{B5F6A3CB-02AA-4AE3-89E4-B67D657EE445}.Debug|Any CPU.Build.0 = Debug|Any CPU
		{B5F6A3CB-02AA-4AE3-89E4-B67D657EE445}.Release|Any CPU.ActiveCfg = Release|Any CPU
		{B5F6A3CB-02AA-4AE3-89E4-B67D657EE445}.Release|Any CPU.Build.0 = Release|Any CPU
		{6FA9A44C-0D7C-43C5-AE2B-0F5915F0A087}.Debug|Any CPU.ActiveCfg = Debug|Any CPU
		{6FA9A44C-0D7C-43C5-AE2B-0F5915F0A087}.Debug|Any CPU.Build.0 = Debug|Any CPU
		{6FA9A44C-0D7C-43C5-AE2B-0F5915F0A087}.Release|Any CPU.ActiveCfg = Release|Any CPU
		{6FA9A44C-0D7C-43C5-AE2B-0F5915F0A087}.Release|Any CPU.Build.0 = Release|Any CPU
		{4EF95D0C-80D1-4F7C-AD0D-A29E8BEC158E}.Debug|Any CPU.ActiveCfg = Debug|Any CPU
		{4EF95D0C-80D1-4F7C-AD0D-A29E8BEC158E}.Debug|Any CPU.Build.0 = Debug|Any CPU
		{4EF95D0C-80D1-4F7C-AD0D-A29E8BEC158E}.Release|Any CPU.ActiveCfg = Release|Any CPU
		{4EF95D0C-80D1-4F7C-AD0D-A29E8BEC158E}.Release|Any CPU.Build.0 = Release|Any CPU
	EndGlobalSection
	GlobalSection(SolutionProperties) = preSolution
		HideSolutionNode = FALSE
	EndGlobalSection
EndGlobal
